
Microsoft Visual Studio Solution File, Format Version 12.00
# Visual Studio 15
VisualStudioVersion = 15.0.27130.2027
MinimumVisualStudioVersion = 10.0.40219.1
Project("{F184B08F-C81C-45F6-A57F-5ABD9991F28F}") = "ParkingLotNotifierDialog", "ParkingLotNotifierDialog\ParkingLotNotifierDialog.vbproj", "{514C104D-C869-4115-A310-503A128B6B65}"
EndProject
Project("{F184B08F-C81C-45F6-A57F-5ABD9991F28F}") = "ParkingLotNotifierTask", "ParkingLotNotifierTask\ParkingLotNotifierTask.vbproj", "{9D07AF51-2454-4822-8687-E33E287F70D7}"
EndProject
Project("{F184B08F-C81C-45F6-A57F-5ABD9991F28F}") = "ParkingLotCollection", "ParkingLotCollection\ParkingLotCollection.vbproj", "{C896CD2B-7722-4CAF-B659-F2AF1750578F}"
EndProject
Project("{8BC9CEB8-8B4A-11D0-8D11-00A0C91BC942}") = "OpenCVBridge", "OpenCVBridge\OpenCVBridge.vcxproj", "{8D461DF8-5EA6-5315-A14A-2FC949C1E392}"
EndProject
Project("{FAE04EC0-301F-11D3-BF4B-00C04F79EFBC}") = "CSharpBridgeCollection", "CSharpBridgeCollection\CSharpBridgeCollection.csproj", "{04E8274C-5707-4632-8781-393434CD6634}"
EndProject
Global
	GlobalSection(SolutionConfigurationPlatforms) = preSolution
		Debug|Any CPU = Debug|Any CPU
		Debug|ARM = Debug|ARM
		Debug|x64 = Debug|x64
		Debug|x86 = Debug|x86
		Release|Any CPU = Release|Any CPU
		Release|ARM = Release|ARM
		Release|x64 = Release|x64
		Release|x86 = Release|x86
	EndGlobalSection
	GlobalSection(ProjectConfigurationPlatforms) = postSolution
		{514C104D-C869-4115-A310-503A128B6B65}.Debug|Any CPU.ActiveCfg = Debug|x86
		{514C104D-C869-4115-A310-503A128B6B65}.Debug|ARM.ActiveCfg = Debug|ARM
		{514C104D-C869-4115-A310-503A128B6B65}.Debug|ARM.Build.0 = Debug|ARM
		{514C104D-C869-4115-A310-503A128B6B65}.Debug|ARM.Deploy.0 = Debug|ARM
		{514C104D-C869-4115-A310-503A128B6B65}.Debug|x64.ActiveCfg = Debug|x64
		{514C104D-C869-4115-A310-503A128B6B65}.Debug|x64.Build.0 = Debug|x64
		{514C104D-C869-4115-A310-503A128B6B65}.Debug|x64.Deploy.0 = Debug|x64
		{514C104D-C869-4115-A310-503A128B6B65}.Debug|x86.ActiveCfg = Debug|x86
		{514C104D-C869-4115-A310-503A128B6B65}.Debug|x86.Build.0 = Debug|x86
		{514C104D-C869-4115-A310-503A128B6B65}.Debug|x86.Deploy.0 = Debug|x86
		{514C104D-C869-4115-A310-503A128B6B65}.Release|Any CPU.ActiveCfg = Release|x86
		{514C104D-C869-4115-A310-503A128B6B65}.Release|ARM.ActiveCfg = Release|ARM
		{514C104D-C869-4115-A310-503A128B6B65}.Release|ARM.Build.0 = Release|ARM
		{514C104D-C869-4115-A310-503A128B6B65}.Release|ARM.Deploy.0 = Release|ARM
		{514C104D-C869-4115-A310-503A128B6B65}.Release|x64.ActiveCfg = Release|x64
		{514C104D-C869-4115-A310-503A128B6B65}.Release|x64.Build.0 = Release|x64
		{514C104D-C869-4115-A310-503A128B6B65}.Release|x64.Deploy.0 = Release|x64
		{514C104D-C869-4115-A310-503A128B6B65}.Release|x86.ActiveCfg = Release|x86
		{514C104D-C869-4115-A310-503A128B6B65}.Release|x86.Build.0 = Release|x86
		{514C104D-C869-4115-A310-503A128B6B65}.Release|x86.Deploy.0 = Release|x86
		{9D07AF51-2454-4822-8687-E33E287F70D7}.Debug|Any CPU.ActiveCfg = Debug|x86
		{9D07AF51-2454-4822-8687-E33E287F70D7}.Debug|ARM.ActiveCfg = Debug|ARM
		{9D07AF51-2454-4822-8687-E33E287F70D7}.Debug|ARM.Build.0 = Debug|ARM
		{9D07AF51-2454-4822-8687-E33E287F70D7}.Debug|ARM.Deploy.0 = Debug|ARM
		{9D07AF51-2454-4822-8687-E33E287F70D7}.Debug|x64.ActiveCfg = Debug|x64
		{9D07AF51-2454-4822-8687-E33E287F70D7}.Debug|x64.Build.0 = Debug|x64
		{9D07AF51-2454-4822-8687-E33E287F70D7}.Debug|x64.Deploy.0 = Debug|x64
		{9D07AF51-2454-4822-8687-E33E287F70D7}.Debug|x86.ActiveCfg = Debug|x86
		{9D07AF51-2454-4822-8687-E33E287F70D7}.Debug|x86.Build.0 = Debug|x86
		{9D07AF51-2454-4822-8687-E33E287F70D7}.Debug|x86.Deploy.0 = Debug|x86
		{9D07AF51-2454-4822-8687-E33E287F70D7}.Release|Any CPU.ActiveCfg = Release|x86
		{9D07AF51-2454-4822-8687-E33E287F70D7}.Release|ARM.ActiveCfg = Release|ARM
		{9D07AF51-2454-4822-8687-E33E287F70D7}.Release|ARM.Build.0 = Release|ARM
		{9D07AF51-2454-4822-8687-E33E287F70D7}.Release|ARM.Deploy.0 = Release|ARM
		{9D07AF51-2454-4822-8687-E33E287F70D7}.Release|x64.ActiveCfg = Release|x64
		{9D07AF51-2454-4822-8687-E33E287F70D7}.Release|x64.Build.0 = Release|x64
		{9D07AF51-2454-4822-8687-E33E287F70D7}.Release|x64.Deploy.0 = Release|x64
		{9D07AF51-2454-4822-8687-E33E287F70D7}.Release|x86.ActiveCfg = Release|x86
		{9D07AF51-2454-4822-8687-E33E287F70D7}.Release|x86.Build.0 = Release|x86
		{9D07AF51-2454-4822-8687-E33E287F70D7}.Release|x86.Deploy.0 = Release|x86
		{C896CD2B-7722-4CAF-B659-F2AF1750578F}.Debug|Any CPU.ActiveCfg = Debug|Any CPU
		{C896CD2B-7722-4CAF-B659-F2AF1750578F}.Debug|Any CPU.Build.0 = Debug|Any CPU
		{C896CD2B-7722-4CAF-B659-F2AF1750578F}.Debug|ARM.ActiveCfg = Debug|ARM
		{C896CD2B-7722-4CAF-B659-F2AF1750578F}.Debug|ARM.Build.0 = Debug|ARM
		{C896CD2B-7722-4CAF-B659-F2AF1750578F}.Debug|x64.ActiveCfg = Debug|x64
		{C896CD2B-7722-4CAF-B659-F2AF1750578F}.Debug|x64.Build.0 = Debug|x64
		{C896CD2B-7722-4CAF-B659-F2AF1750578F}.Debug|x86.ActiveCfg = Debug|x86
		{C896CD2B-7722-4CAF-B659-F2AF1750578F}.Debug|x86.Build.0 = Debug|x86
		{C896CD2B-7722-4CAF-B659-F2AF1750578F}.Release|Any CPU.ActiveCfg = Release|Any CPU
		{C896CD2B-7722-4CAF-B659-F2AF1750578F}.Release|Any CPU.Build.0 = Release|Any CPU
		{C896CD2B-7722-4CAF-B659-F2AF1750578F}.Release|ARM.ActiveCfg = Release|ARM
		{C896CD2B-7722-4CAF-B659-F2AF1750578F}.Release|ARM.Build.0 = Release|ARM
		{C896CD2B-7722-4CAF-B659-F2AF1750578F}.Release|x64.ActiveCfg = Release|x64
		{C896CD2B-7722-4CAF-B659-F2AF1750578F}.Release|x64.Build.0 = Release|x64
		{C896CD2B-7722-4CAF-B659-F2AF1750578F}.Release|x86.ActiveCfg = Release|x86
		{C896CD2B-7722-4CAF-B659-F2AF1750578F}.Release|x86.Build.0 = Release|x86
		{8D461DF8-5EA6-5315-A14A-2FC949C1E392}.Debug|Any CPU.ActiveCfg = Debug|Win32
		{8D461DF8-5EA6-5315-A14A-2FC949C1E392}.Debug|ARM.ActiveCfg = Debug|ARM
		{8D461DF8-5EA6-5315-A14A-2FC949C1E392}.Debug|ARM.Build.0 = Debug|ARM
		{8D461DF8-5EA6-5315-A14A-2FC949C1E392}.Debug|x64.ActiveCfg = Debug|x64
		{8D461DF8-5EA6-5315-A14A-2FC949C1E392}.Debug|x64.Build.0 = Debug|x64
		{8D461DF8-5EA6-5315-A14A-2FC949C1E392}.Debug|x86.ActiveCfg = Debug|Win32
		{8D461DF8-5EA6-5315-A14A-2FC949C1E392}.Debug|x86.Build.0 = Debug|Win32
		{8D461DF8-5EA6-5315-A14A-2FC949C1E392}.Release|Any CPU.ActiveCfg = Release|Win32
		{8D461DF8-5EA6-5315-A14A-2FC949C1E392}.Release|ARM.ActiveCfg = Release|ARM
		{8D461DF8-5EA6-5315-A14A-2FC949C1E392}.Release|ARM.Build.0 = Release|ARM
		{8D461DF8-5EA6-5315-A14A-2FC949C1E392}.Release|x64.ActiveCfg = Release|x64
		{8D461DF8-5EA6-5315-A14A-2FC949C1E392}.Release|x64.Build.0 = Release|x64
		{8D461DF8-5EA6-5315-A14A-2FC949C1E392}.Release|x86.ActiveCfg = Release|Win32
		{8D461DF8-5EA6-5315-A14A-2FC949C1E392}.Release|x86.Build.0 = Release|Win32
		{04E8274C-5707-4632-8781-393434CD6634}.Debug|Any CPU.ActiveCfg = Debug|Any CPU
		{04E8274C-5707-4632-8781-393434CD6634}.Debug|Any CPU.Build.0 = Debug|Any CPU
		{04E8274C-5707-4632-8781-393434CD6634}.Debug|ARM.ActiveCfg = Debug|ARM
		{04E8274C-5707-4632-8781-393434CD6634}.Debug|ARM.Build.0 = Debug|ARM
		{04E8274C-5707-4632-8781-393434CD6634}.Debug|x64.ActiveCfg = Debug|x64
		{04E8274C-5707-4632-8781-393434CD6634}.Debug|x64.Build.0 = Debug|x64
		{04E8274C-5707-4632-8781-393434CD6634}.Debug|x86.ActiveCfg = Debug|x86
		{04E8274C-5707-4632-8781-393434CD6634}.Debug|x86.Build.0 = Debug|x86
		{04E8274C-5707-4632-8781-393434CD6634}.Release|Any CPU.ActiveCfg = Release|Any CPU
		{04E8274C-5707-4632-8781-393434CD6634}.Release|Any CPU.Build.0 = Release|Any CPU
		{04E8274C-5707-4632-8781-393434CD6634}.Release|ARM.ActiveCfg = Release|ARM
		{04E8274C-5707-4632-8781-393434CD6634}.Release|ARM.Build.0 = Release|ARM
		{04E8274C-5707-4632-8781-393434CD6634}.Release|x64.ActiveCfg = Release|x64
		{04E8274C-5707-4632-8781-393434CD6634}.Release|x64.Build.0 = Release|x64
		{04E8274C-5707-4632-8781-393434CD6634}.Release|x86.ActiveCfg = Release|x86
		{04E8274C-5707-4632-8781-393434CD6634}.Release|x86.Build.0 = Release|x86
	EndGlobalSection
	GlobalSection(SolutionProperties) = preSolution
		HideSolutionNode = FALSE
	EndGlobalSection
	GlobalSection(ExtensibilityGlobals) = postSolution
		SolutionGuid = {3D1ADE96-428C-4888-BEA6-988EB9B240FB}
	EndGlobalSection
EndGlobal
